
Microsoft Visual Studio Solution File, Format Version 12.00
# Visual Studio Version 17
VisualStudioVersion = 17.6.33801.468
MinimumVisualStudioVersion = 10.0.40219.1
Project("{9A19103F-16F7-4668-BE54-9A1E7A4F7556}") = "POS", "POS\POS.csproj", "{8519BAE4-7C04-42D8-980D-E94BEB2A9E10}"
EndProject
Project("{2150E333-8FDC-42A3-9474-1A3956D46DE8}") = "Solution Items", "Solution Items", "{DEA5E914-DE64-4E0A-9E00-662393BAC8D1}"
	ProjectSection(SolutionItems) = preProject
		.editorconfig = .editorconfig
	EndProjectSection
EndProject
Global
	GlobalSection(SolutionConfigurationPlatforms) = preSolution
		Debug|Any CPU = Debug|Any CPU
		Release|Any CPU = Release|Any CPU
	EndGlobalSection
	GlobalSection(ProjectConfigurationPlatforms) = postSolution
		{8519BAE4-7C04-42D8-980D-E94BEB2A9E10}.Debug|Any CPU.ActiveCfg = Debug|Any CPU
		{8519BAE4-7C04-42D8-980D-E94BEB2A9E10}.Debug|Any CPU.Build.0 = Debug|Any CPU
		{8519BAE4-7C04-42D8-980D-E94BEB2A9E10}.Release|Any CPU.ActiveCfg = Release|Any CPU
		{8519BAE4-7C04-42D8-980D-E94BEB2A9E10}.Release|Any CPU.Build.0 = Release|Any CPU
	EndGlobalSection
	GlobalSection(SolutionProperties) = preSolution
		HideSolutionNode = FALSE
	EndGlobalSection
	GlobalSection(ExtensibilityGlobals) = postSolution
		SolutionGuid = {8DDCD8DB-473D-44F9-8C8D-72E39A472518}
	EndGlobalSection
EndGlobal
